# generated by rye
# use `rye lock` or `rye sync` to update this lockfile
#
# last locked with the following flags:
#   pre: false
#   features: []
#   all-features: false

-e file:.
imageio==2.31.1
largestinteriorrectangle==0.2.0
lazy-loader==0.3
llvmlite==0.40.1
networkx==3.1
numba==0.57.1
numpy==1.24.4
opencv-python==4.8.0.74
packaging==23.1
pillow==10.0.0
pywavelets==1.4.1
reedsolo==1.7.0
scikit-image==0.21.0
scipy==1.11.1
tifffile==2023.7.18
